
Microsoft Visual Studio Solution File, Format Version 12.00
# Visual Studio Version 17
VisualStudioVersion = 17.14.36603.0 d17.14
MinimumVisualStudioVersion = 10.0.40219.1
Project("{FAE04EC0-301F-11D3-BF4B-00C04F79EFBC}") = "UmbracoCMS", "UmbracoCMS\UmbracoCMS.csproj", "{8F303081-9DC2-4C89-A2FA-41AC563E11F9}"
EndProject
Global
	GlobalSection(SolutionConfigurationPlatforms) = preSolution
		Debug|Any CPU = Debug|Any CPU
		Release|Any CPU = Release|Any CPU
	EndGlobalSection
	GlobalSection(ProjectConfigurationPlatforms) = postSolution
		{8F303081-9DC2-4C89-A2FA-41AC563E11F9}.Debug|Any CPU.ActiveCfg = Debug|Any CPU
		{8F303081-9DC2-4C89-A2FA-41AC563E11F9}.Debug|Any CPU.Build.0 = Debug|Any CPU
		{8F303081-9DC2-4C89-A2FA-41AC563E11F9}.Release|Any CPU.ActiveCfg = Release|Any CPU
		{8F303081-9DC2-4C89-A2FA-41AC563E11F9}.Release|Any CPU.Build.0 = Release|Any CPU
	EndGlobalSection
	GlobalSection(SolutionProperties) = preSolution
		HideSolutionNode = FALSE
	EndGlobalSection
	GlobalSection(ExtensibilityGlobals) = postSolution
		SolutionGuid = {F13B2C44-4492-486E-8150-9D6FF5C139CD}
	EndGlobalSection
EndGlobal
